{
  "name": "quote-generator",
  "version": "1.0.0",
  "lockfileVersion": 3,
  "requires": true,
  "packages": {
    "": {
      "name": "quote-generator",
      "version": "1.0.0",
      "dependencies": {
        "typed.js": "^2.0.132"
      },
      "devDependencies": {
        "@types/typed.js": "^2.0.9"
      }
    },
    "node_modules/@types/typed.js": {
      "version": "2.0.9",
      "resolved": "https://registry.npmjs.org/@types/typed.js/-/typed.js-2.0.9.tgz",
      "integrity": "sha512-3dbzeNES/FpuafOHkp0K9MAr/oDI+2ehjt7Nco0thgGq8Om4kpubqPFTQinP6qVTlAHsrX7g5IGckx1tUejw2g==",
      "deprecated": "This is a stub types definition. typed.js provides its own type definitions, so you don't need this installed.",
      "dev": true,
      "dependencies": {
        "typed.js": "*"
      }
    },
    "node_modules/typed.js": {
      "version": "2.0.132",
      "resolved": "https://registry.npmjs.org/typed.js/-/typed.js-2.0.132.tgz",
      "integrity": "sha512-6lWs7dqLtfvZZtNLUJte5RYkT0rj2ACOwkeWghxSnyChSu/ZHX2NlT1KHc2daqVx3073wLIJYlCL2aHcjWYCAQ=="
    }
  }
}
